// !$*UTF8*$!
{
	archiveVersion = 1;
	classes = {
	};
	objectVersion = 56;
	objects = {

/* Begin PBXBuildFile section */
		6E4E28BB2C7E77470065DA9A /* Constants.swift in Sources */ = {isa = PBXBuildFile; fileRef = 6E4E28BA2C7E77470065DA9A /* Constants.swift */; };
		6E4E28D92C7E83C50065DA9A /* LocationCell.swift in Sources */ = {isa = PBXBuildFile; fileRef = 6E4E28D72C7E83C50065DA9A /* LocationCell.swift */; };
		6E4E28DA2C7E83C60065DA9A /* LocationCell.xib in Resources */ = {isa = PBXBuildFile; fileRef = 6E4E28D82C7E83C50065DA9A /* LocationCell.xib */; };
		6E4E28DD2C7E8B9F0065DA9A /* EpisodeCell.swift in Sources */ = {isa = PBXBuildFile; fileRef = 6E4E28DB2C7E8B9F0065DA9A /* EpisodeCell.swift */; };
		6E4E28DE2C7E8B9F0065DA9A /* EpisodeCell.xib in Resources */ = {isa = PBXBuildFile; fileRef = 6E4E28DC2C7E8B9F0065DA9A /* EpisodeCell.xib */; };
		6E4E28E22C7F2EF00065DA9A /* CharacterCell.swift in Sources */ = {isa = PBXBuildFile; fileRef = 6E4E28E02C7F2EF00065DA9A /* CharacterCell.swift */; };
		6E4E28E32C7F2EF00065DA9A /* CharacterCell.xib in Resources */ = {isa = PBXBuildFile; fileRef = 6E4E28E12C7F2EF00065DA9A /* CharacterCell.xib */; };
		6E7F154F2C7E120D009989AC /* CharactersViewController.swift in Sources */ = {isa = PBXBuildFile; fileRef = 6E7F154E2C7E120D009989AC /* CharactersViewController.swift */; };
		6E7F15512C7E121C009989AC /* EpisodesViewController.swift in Sources */ = {isa = PBXBuildFile; fileRef = 6E7F15502C7E121C009989AC /* EpisodesViewController.swift */; };
		6E7F15532C7E122B009989AC /* LocationsViewController.swift in Sources */ = {isa = PBXBuildFile; fileRef = 6E7F15522C7E122B009989AC /* LocationsViewController.swift */; };
		6E9CB3112C7DDB40000DD766 /* AppDelegate.swift in Sources */ = {isa = PBXBuildFile; fileRef = 6E9CB3102C7DDB40000DD766 /* AppDelegate.swift */; };
		6E9CB3132C7DDB40000DD766 /* SceneDelegate.swift in Sources */ = {isa = PBXBuildFile; fileRef = 6E9CB3122C7DDB40000DD766 /* SceneDelegate.swift */; };
		6E9CB3152C7DDB40000DD766 /* ViewController.swift in Sources */ = {isa = PBXBuildFile; fileRef = 6E9CB3142C7DDB40000DD766 /* ViewController.swift */; };
		6E9CB3182C7DDB40000DD766 /* Base in Resources */ = {isa = PBXBuildFile; fileRef = 6E9CB3172C7DDB40000DD766 /* Base */; };
		6E9CB31A2C7DDB41000DD766 /* Assets.xcassets in Resources */ = {isa = PBXBuildFile; fileRef = 6E9CB3192C7DDB41000DD766 /* Assets.xcassets */; };
		6E9CB31D2C7DDB41000DD766 /* Base in Resources */ = {isa = PBXBuildFile; fileRef = 6E9CB31C2C7DDB41000DD766 /* Base */; };
		6E9CB3282C7DDB41000DD766 /* rickandmortyTests.swift in Sources */ = {isa = PBXBuildFile; fileRef = 6E9CB3272C7DDB41000DD766 /* rickandmortyTests.swift */; };
		6E9CB3322C7DDB41000DD766 /* rickandmortyUITests.swift in Sources */ = {isa = PBXBuildFile; fileRef = 6E9CB3312C7DDB41000DD766 /* rickandmortyUITests.swift */; };
		6E9CB3342C7DDB41000DD766 /* rickandmortyUITestsLaunchTests.swift in Sources */ = {isa = PBXBuildFile; fileRef = 6E9CB3332C7DDB41000DD766 /* rickandmortyUITestsLaunchTests.swift */; };
/* End PBXBuildFile section */

/* Begin PBXContainerItemProxy section */
		6E9CB3242C7DDB41000DD766 /* PBXContainerItemProxy */ = {
			isa = PBXContainerItemProxy;
			containerPortal = 6E9CB3052C7DDB40000DD766 /* Project object */;
			proxyType = 1;
			remoteGlobalIDString = 6E9CB30C2C7DDB40000DD766;
			remoteInfo = rickandmorty;
		};
		6E9CB32E2C7DDB41000DD766 /* PBXContainerItemProxy */ = {
			isa = PBXContainerItemProxy;
			containerPortal = 6E9CB3052C7DDB40000DD766 /* Project object */;
			proxyType = 1;
			remoteGlobalIDString = 6E9CB30C2C7DDB40000DD766;
			remoteInfo = rickandmorty;
		};
/* End PBXContainerItemProxy section */

/* Begin PBXFileReference section */
		6E4E28BA2C7E77470065DA9A /* Constants.swift */ = {isa = PBXFileReference; lastKnownFileType = sourcecode.swift; path = Constants.swift; sourceTree = "<group>"; };
		6E4E28D72C7E83C50065DA9A /* LocationCell.swift */ = {isa = PBXFileReference; lastKnownFileType = sourcecode.swift; path = LocationCell.swift; sourceTree = "<group>"; };
		6E4E28D82C7E83C50065DA9A /* LocationCell.xib */ = {isa = PBXFileReference; lastKnownFileType = file.xib; path = LocationCell.xib; sourceTree = "<group>"; };
		6E4E28DB2C7E8B9F0065DA9A /* EpisodeCell.swift */ = {isa = PBXFileReference; lastKnownFileType = sourcecode.swift; path = EpisodeCell.swift; sourceTree = "<group>"; };
		6E4E28DC2C7E8B9F0065DA9A /* EpisodeCell.xib */ = {isa = PBXFileReference; lastKnownFileType = file.xib; path = EpisodeCell.xib; sourceTree = "<group>"; };
		6E4E28E02C7F2EF00065DA9A /* CharacterCell.swift */ = {isa = PBXFileReference; lastKnownFileType = sourcecode.swift; path = CharacterCell.swift; sourceTree = "<group>"; };
		6E4E28E12C7F2EF00065DA9A /* CharacterCell.xib */ = {isa = PBXFileReference; lastKnownFileType = file.xib; path = CharacterCell.xib; sourceTree = "<group>"; };
		6E7F154E2C7E120D009989AC /* CharactersViewController.swift */ = {isa = PBXFileReference; lastKnownFileType = sourcecode.swift; path = CharactersViewController.swift; sourceTree = "<group>"; };
		6E7F15502C7E121C009989AC /* EpisodesViewController.swift */ = {isa = PBXFileReference; lastKnownFileType = sourcecode.swift; path = EpisodesViewController.swift; sourceTree = "<group>"; };
		6E7F15522C7E122B009989AC /* LocationsViewController.swift */ = {isa = PBXFileReference; lastKnownFileType = sourcecode.swift; path = LocationsViewController.swift; sourceTree = "<group>"; };
		6E9CB30D2C7DDB40000DD766 /* rickandmorty.app */ = {isa = PBXFileReference; explicitFileType = wrapper.application; includeInIndex = 0; path = rickandmorty.app; sourceTree = BUILT_PRODUCTS_DIR; };
		6E9CB3102C7DDB40000DD766 /* AppDelegate.swift */ = {isa = PBXFileReference; lastKnownFileType = sourcecode.swift; path = AppDelegate.swift; sourceTree = "<group>"; };
		6E9CB3122C7DDB40000DD766 /* SceneDelegate.swift */ = {isa = PBXFileReference; lastKnownFileType = sourcecode.swift; path = SceneDelegate.swift; sourceTree = "<group>"; };
		6E9CB3142C7DDB40000DD766 /* ViewController.swift */ = {isa = PBXFileReference; lastKnownFileType = sourcecode.swift; path = ViewController.swift; sourceTree = "<group>"; };
		6E9CB3172C7DDB40000DD766 /* Base */ = {isa = PBXFileReference; lastKnownFileType = file.storyboard; name = Base; path = Base.lproj/Main.storyboard; sourceTree = "<group>"; };
		6E9CB3192C7DDB41000DD766 /* Assets.xcassets */ = {isa = PBXFileReference; lastKnownFileType = folder.assetcatalog; path = Assets.xcassets; sourceTree = "<group>"; };
		6E9CB31C2C7DDB41000DD766 /* Base */ = {isa = PBXFileReference; lastKnownFileType = file.storyboard; name = Base; path = Base.lproj/LaunchScreen.storyboard; sourceTree = "<group>"; };
		6E9CB31E2C7DDB41000DD766 /* Info.plist */ = {isa = PBXFileReference; lastKnownFileType = text.plist.xml; path = Info.plist; sourceTree = "<group>"; };
		6E9CB3232C7DDB41000DD766 /* rickandmortyTests.xctest */ = {isa = PBXFileReference; explicitFileType = wrapper.cfbundle; includeInIndex = 0; path = rickandmortyTests.xctest; sourceTree = BUILT_PRODUCTS_DIR; };
		6E9CB3272C7DDB41000DD766 /* rickandmortyTests.swift */ = {isa = PBXFileReference; lastKnownFileType = sourcecode.swift; path = rickandmortyTests.swift; sourceTree = "<group>"; };
		6E9CB32D2C7DDB41000DD766 /* rickandmortyUITests.xctest */ = {isa = PBXFileReference; explicitFileType = wrapper.cfbundle; includeInIndex = 0; path = rickandmortyUITests.xctest; sourceTree = BUILT_PRODUCTS_DIR; };
		6E9CB3312C7DDB41000DD766 /* rickandmortyUITests.swift */ = {isa = PBXFileReference; lastKnownFileType = sourcecode.swift; path = rickandmortyUITests.swift; sourceTree = "<group>"; };
		6E9CB3332C7DDB41000DD766 /* rickandmortyUITestsLaunchTests.swift */ = {isa = PBXFileReference; lastKnownFileType = sourcecode.swift; path = rickandmortyUITestsLaunchTests.swift; sourceTree = "<group>"; };
/* End PBXFileReference section */

/* Begin PBXFrameworksBuildPhase section */
		6E9CB30A2C7DDB40000DD766 /* Frameworks */ = {
			isa = PBXFrameworksBuildPhase;
			buildActionMask = 2147483647;
			files = (
			);
			runOnlyForDeploymentPostprocessing = 0;
		};
		6E9CB3202C7DDB41000DD766 /* Frameworks */ = {
			isa = PBXFrameworksBuildPhase;
			buildActionMask = 2147483647;
			files = (
			);
			runOnlyForDeploymentPostprocessing = 0;
		};
		6E9CB32A2C7DDB41000DD766 /* Frameworks */ = {
			isa = PBXFrameworksBuildPhase;
			buildActionMask = 2147483647;
			files = (
			);
			runOnlyForDeploymentPostprocessing = 0;
		};
/* End PBXFrameworksBuildPhase section */

/* Begin PBXGroup section */
		6E4E28C52C7E7DB70065DA9A /* LocationCell */ = {
			isa = PBXGroup;
			children = (
				6E4E28D72C7E83C50065DA9A /* LocationCell.swift */,
				6E4E28D82C7E83C50065DA9A /* LocationCell.xib */,
			);
			path = LocationCell;
			sourceTree = "<group>";
		};
		6E4E28CA2C7E7DE40065DA9A /* EpisodeCell */ = {
			isa = PBXGroup;
			children = (
				6E4E28DB2C7E8B9F0065DA9A /* EpisodeCell.swift */,
				6E4E28DC2C7E8B9F0065DA9A /* EpisodeCell.xib */,
			);
			path = EpisodeCell;
			sourceTree = "<group>";
		};
		6E4E28DF2C7F2ED20065DA9A /* CharacterCell */ = {
			isa = PBXGroup;
			children = (
				6E4E28E02C7F2EF00065DA9A /* CharacterCell.swift */,
				6E4E28E12C7F2EF00065DA9A /* CharacterCell.xib */,
			);
			path = CharacterCell;
			sourceTree = "<group>";
		};
		6E9CB3042C7DDB40000DD766 = {
			isa = PBXGroup;
			children = (
				6E4E28BA2C7E77470065DA9A /* Constants.swift */,
				6E9CB30F2C7DDB40000DD766 /* rickandmorty */,
				6E9CB3262C7DDB41000DD766 /* rickandmortyTests */,
				6E9CB3302C7DDB41000DD766 /* rickandmortyUITests */,
				6E9CB30E2C7DDB40000DD766 /* Products */,
			);
			sourceTree = "<group>";
		};
		6E9CB30E2C7DDB40000DD766 /* Products */ = {
			isa = PBXGroup;
			children = (
				6E9CB30D2C7DDB40000DD766 /* rickandmorty.app */,
				6E9CB3232C7DDB41000DD766 /* rickandmortyTests.xctest */,
				6E9CB32D2C7DDB41000DD766 /* rickandmortyUITests.xctest */,
			);
			name = Products;
			sourceTree = "<group>";
		};
		6E9CB30F2C7DDB40000DD766 /* rickandmorty */ = {
			isa = PBXGroup;
			children = (
				6E9CB3422C7DDB76000DD766 /* Controller */,
				6E9CB3412C7DDB6B000DD766 /* View */,
				6E9CB3402C7DDB5A000DD766 /* Model */,
				6E9CB3102C7DDB40000DD766 /* AppDelegate.swift */,
				6E9CB3122C7DDB40000DD766 /* SceneDelegate.swift */,
				6E9CB3192C7DDB41000DD766 /* Assets.xcassets */,
				6E9CB31B2C7DDB41000DD766 /* LaunchScreen.storyboard */,
				6E9CB31E2C7DDB41000DD766 /* Info.plist */,
			);
			path = rickandmorty;
			sourceTree = "<group>";
		};
		6E9CB3262C7DDB41000DD766 /* rickandmortyTests */ = {
			isa = PBXGroup;
			children = (
				6E9CB3272C7DDB41000DD766 /* rickandmortyTests.swift */,
			);
			path = rickandmortyTests;
			sourceTree = "<group>";
		};
		6E9CB3302C7DDB41000DD766 /* rickandmortyUITests */ = {
			isa = PBXGroup;
			children = (
				6E9CB3312C7DDB41000DD766 /* rickandmortyUITests.swift */,
				6E9CB3332C7DDB41000DD766 /* rickandmortyUITestsLaunchTests.swift */,
			);
			path = rickandmortyUITests;
			sourceTree = "<group>";
		};
		6E9CB3402C7DDB5A000DD766 /* Model */ = {
			isa = PBXGroup;
			children = (
			);
			path = Model;
			sourceTree = "<group>";
		};
		6E9CB3412C7DDB6B000DD766 /* View */ = {
			isa = PBXGroup;
			children = (
				6E4E28DF2C7F2ED20065DA9A /* CharacterCell */,
				6E4E28CA2C7E7DE40065DA9A /* EpisodeCell */,
				6E4E28C52C7E7DB70065DA9A /* LocationCell */,
				6E9CB3162C7DDB40000DD766 /* Main.storyboard */,
			);
			path = View;
			sourceTree = "<group>";
		};
		6E9CB3422C7DDB76000DD766 /* Controller */ = {
			isa = PBXGroup;
			children = (
				6E9CB3142C7DDB40000DD766 /* ViewController.swift */,
				6E7F154E2C7E120D009989AC /* CharactersViewController.swift */,
				6E7F15502C7E121C009989AC /* EpisodesViewController.swift */,
				6E7F15522C7E122B009989AC /* LocationsViewController.swift */,
			);
			path = Controller;
			sourceTree = "<group>";
		};
/* End PBXGroup section */

/* Begin PBXNativeTarget section */
		6E9CB30C2C7DDB40000DD766 /* rickandmorty */ = {
			isa = PBXNativeTarget;
			buildConfigurationList = 6E9CB3372C7DDB41000DD766 /* Build configuration list for PBXNativeTarget "rickandmorty" */;
			buildPhases = (
				6E9CB3092C7DDB40000DD766 /* Sources */,
				6E9CB30A2C7DDB40000DD766 /* Frameworks */,
				6E9CB30B2C7DDB40000DD766 /* Resources */,
			);
			buildRules = (
			);
			dependencies = (
			);
			name = rickandmorty;
			productName = rickandmorty;
			productReference = 6E9CB30D2C7DDB40000DD766 /* rickandmorty.app */;
			productType = "com.apple.product-type.application";
		};
		6E9CB3222C7DDB41000DD766 /* rickandmortyTests */ = {
			isa = PBXNativeTarget;
			buildConfigurationList = 6E9CB33A2C7DDB41000DD766 /* Build configuration list for PBXNativeTarget "rickandmortyTests" */;
			buildPhases = (
				6E9CB31F2C7DDB41000DD766 /* Sources */,
				6E9CB3202C7DDB41000DD766 /* Frameworks */,
				6E9CB3212C7DDB41000DD766 /* Resources */,
			);
			buildRules = (
			);
			dependencies = (
				6E9CB3252C7DDB41000DD766 /* PBXTargetDependency */,
			);
			name = rickandmortyTests;
			productName = rickandmortyTests;
			productReference = 6E9CB3232C7DDB41000DD766 /* rickandmortyTests.xctest */;
			productType = "com.apple.product-type.bundle.unit-test";
		};
		6E9CB32C2C7DDB41000DD766 /* rickandmortyUITests */ = {
			isa = PBXNativeTarget;
			buildConfigurationList = 6E9CB33D2C7DDB41000DD766 /* Build configuration list for PBXNativeTarget "rickandmortyUITests" */;
			buildPhases = (
				6E9CB3292C7DDB41000DD766 /* Sources */,
				6E9CB32A2C7DDB41000DD766 /* Frameworks */,
				6E9CB32B2C7DDB41000DD766 /* Resources */,
			);
			buildRules = (
			);
			dependencies = (
				6E9CB32F2C7DDB41000DD766 /* PBXTargetDependency */,
			);
			name = rickandmortyUITests;
			productName = rickandmortyUITests;
			productReference = 6E9CB32D2C7DDB41000DD766 /* rickandmortyUITests.xctest */;
			productType = "com.apple.product-type.bundle.ui-testing";
		};
/* End PBXNativeTarget section */

/* Begin PBXProject section */
		6E9CB3052C7DDB40000DD766 /* Project object */ = {
			isa = PBXProject;
			attributes = {
				BuildIndependentTargetsInParallel = 1;
				LastSwiftUpdateCheck = 1540;
				LastUpgradeCheck = 1540;
				TargetAttributes = {
					6E9CB30C2C7DDB40000DD766 = {
						CreatedOnToolsVersion = 15.4;
					};
					6E9CB3222C7DDB41000DD766 = {
						CreatedOnToolsVersion = 15.4;
						TestTargetID = 6E9CB30C2C7DDB40000DD766;
					};
					6E9CB32C2C7DDB41000DD766 = {
						CreatedOnToolsVersion = 15.4;
						TestTargetID = 6E9CB30C2C7DDB40000DD766;
					};
				};
			};
			buildConfigurationList = 6E9CB3082C7DDB40000DD766 /* Build configuration list for PBXProject "rickandmorty" */;
			compatibilityVersion = "Xcode 14.0";
			developmentRegion = en;
			hasScannedForEncodings = 0;
			knownRegions = (
				en,
				Base,
			);
			mainGroup = 6E9CB3042C7DDB40000DD766;
			productRefGroup = 6E9CB30E2C7DDB40000DD766 /* Products */;
			projectDirPath = "";
			projectRoot = "";
			targets = (
				6E9CB30C2C7DDB40000DD766 /* rickandmorty */,
				6E9CB3222C7DDB41000DD766 /* rickandmortyTests */,
				6E9CB32C2C7DDB41000DD766 /* rickandmortyUITests */,
			);
		};
/* End PBXProject section */

/* Begin PBXResourcesBuildPhase section */
		6E9CB30B2C7DDB40000DD766 /* Resources */ = {
			isa = PBXResourcesBuildPhase;
			buildActionMask = 2147483647;
			files = (
				6E4E28DA2C7E83C60065DA9A /* LocationCell.xib in Resources */,
				6E4E28E32C7F2EF00065DA9A /* CharacterCell.xib in Resources */,
				6E9CB31A2C7DDB41000DD766 /* Assets.xcassets in Resources */,
				6E9CB31D2C7DDB41000DD766 /* Base in Resources */,
				6E9CB3182C7DDB40000DD766 /* Base in Resources */,
				6E4E28DE2C7E8B9F0065DA9A /* EpisodeCell.xib in Resources */,
			);
			runOnlyForDeploymentPostprocessing = 0;
		};
		6E9CB3212C7DDB41000DD766 /* Resources */ = {
			isa = PBXResourcesBuildPhase;
			buildActionMask = 2147483647;
			files = (
			);
			runOnlyForDeploymentPostprocessing = 0;
		};
		6E9CB32B2C7DDB41000DD766 /* Resources */ = {
			isa = PBXResourcesBuildPhase;
			buildActionMask = 2147483647;
			files = (
			);
			runOnlyForDeploymentPostprocessing = 0;
		};
/* End PBXResourcesBuildPhase section */

/* Begin PBXSourcesBuildPhase section */
		6E9CB3092C7DDB40000DD766 /* Sources */ = {
			isa = PBXSourcesBuildPhase;
			buildActionMask = 2147483647;
			files = (
				6E7F15512C7E121C009989AC /* EpisodesViewController.swift in Sources */,
				6E7F154F2C7E120D009989AC /* CharactersViewController.swift in Sources */,
				6E9CB3152C7DDB40000DD766 /* ViewController.swift in Sources */,
				6E9CB3112C7DDB40000DD766 /* AppDelegate.swift in Sources */,
				6E4E28DD2C7E8B9F0065DA9A /* EpisodeCell.swift in Sources */,
				6E4E28E22C7F2EF00065DA9A /* CharacterCell.swift in Sources */,
				6E4E28D92C7E83C50065DA9A /* LocationCell.swift in Sources */,
				6E9CB3132C7DDB40000DD766 /* SceneDelegate.swift in Sources */,
				6E7F15532C7E122B009989AC /* LocationsViewController.swift in Sources */,
				6E4E28BB2C7E77470065DA9A /* Constants.swift in Sources */,
			);
			runOnlyForDeploymentPostprocessing = 0;
		};
		6E9CB31F2C7DDB41000DD766 /* Sources */ = {
			isa = PBXSourcesBuildPhase;
			buildActionMask = 2147483647;
			files = (
				6E9CB3282C7DDB41000DD766 /* rickandmortyTests.swift in Sources */,
			);
			runOnlyForDeploymentPostprocessing = 0;
		};
		6E9CB3292C7DDB41000DD766 /* Sources */ = {
			isa = PBXSourcesBuildPhase;
			buildActionMask = 2147483647;
			files = (
				6E9CB3322C7DDB41000DD766 /* rickandmortyUITests.swift in Sources */,
				6E9CB3342C7DDB41000DD766 /* rickandmortyUITestsLaunchTests.swift in Sources */,
			);
			runOnlyForDeploymentPostprocessing = 0;
		};
/* End PBXSourcesBuildPhase section */

/* Begin PBXTargetDependency section */
		6E9CB3252C7DDB41000DD766 /* PBXTargetDependency */ = {
			isa = PBXTargetDependency;
			target = 6E9CB30C2C7DDB40000DD766 /* rickandmorty */;
			targetProxy = 6E9CB3242C7DDB41000DD766 /* PBXContainerItemProxy */;
		};
		6E9CB32F2C7DDB41000DD766 /* PBXTargetDependency */ = {
			isa = PBXTargetDependency;
			target = 6E9CB30C2C7DDB40000DD766 /* rickandmorty */;
			targetProxy = 6E9CB32E2C7DDB41000DD766 /* PBXContainerItemProxy */;
		};
/* End PBXTargetDependency section */

/* Begin PBXVariantGroup section */
		6E9CB3162C7DDB40000DD766 /* Main.storyboard */ = {
			isa = PBXVariantGroup;
			children = (
				6E9CB3172C7DDB40000DD766 /* Base */,
			);
			name = Main.storyboard;
			sourceTree = "<group>";
		};
		6E9CB31B2C7DDB41000DD766 /* LaunchScreen.storyboard */ = {
			isa = PBXVariantGroup;
			children = (
				6E9CB31C2C7DDB41000DD766 /* Base */,
			);
			name = LaunchScreen.storyboard;
			sourceTree = "<group>";
		};
/* End PBXVariantGroup section */

/* Begin XCBuildConfiguration section */
		6E9CB3352C7DDB41000DD766 /* Debug */ = {
			isa = XCBuildConfiguration;
			buildSettings = {
				ALWAYS_SEARCH_USER_PATHS = NO;
				ASSETCATALOG_COMPILER_GENERATE_SWIFT_ASSET_SYMBOL_EXTENSIONS = YES;
				CLANG_ANALYZER_NONNULL = YES;
				CLANG_ANALYZER_NUMBER_OBJECT_CONVERSION = YES_AGGRESSIVE;
				CLANG_CXX_LANGUAGE_STANDARD = "gnu++20";
				CLANG_ENABLE_MODULES = YES;
				CLANG_ENABLE_OBJC_ARC = YES;
				CLANG_ENABLE_OBJC_WEAK = YES;
				CLANG_WARN_BLOCK_CAPTURE_AUTORELEASING = YES;
				CLANG_WARN_BOOL_CONVERSION = YES;
				CLANG_WARN_COMMA = YES;
				CLANG_WARN_CONSTANT_CONVERSION = YES;
				CLANG_WARN_DEPRECATED_OBJC_IMPLEMENTATIONS = YES;
				CLANG_WARN_DIRECT_OBJC_ISA_USAGE = YES_ERROR;
				CLANG_WARN_DOCUMENTATION_COMMENTS = YES;
				CLANG_WARN_EMPTY_BODY = YES;
				CLANG_WARN_ENUM_CONVERSION = YES;
				CLANG_WARN_INFINITE_RECURSION = YES;
				CLANG_WARN_INT_CONVERSION = YES;
				CLANG_WARN_NON_LITERAL_NULL_CONVERSION = YES;
				CLANG_WARN_OBJC_IMPLICIT_RETAIN_SELF = YES;
				CLANG_WARN_OBJC_LITERAL_CONVERSION = YES;
				CLANG_WARN_OBJC_ROOT_CLASS = YES_ERROR;
				CLANG_WARN_QUOTED_INCLUDE_IN_FRAMEWORK_HEADER = YES;
				CLANG_WARN_RANGE_LOOP_ANALYSIS = YES;
				CLANG_WARN_STRICT_PROTOTYPES = YES;
				CLANG_WARN_SUSPICIOUS_MOVE = YES;
				CLANG_WARN_UNGUARDED_AVAILABILITY = YES_AGGRESSIVE;
				CLANG_WARN_UNREACHABLE_CODE = YES;
				CLANG_WARN__DUPLICATE_METHOD_MATCH = YES;
				COPY_PHASE_STRIP = NO;
				DEBUG_INFORMATION_FORMAT = dwarf;
				ENABLE_STRICT_OBJC_MSGSEND = YES;
				ENABLE_TESTABILITY = YES;
				ENABLE_USER_SCRIPT_SANDBOXING = YES;
				GCC_C_LANGUAGE_STANDARD = gnu17;
				GCC_DYNAMIC_NO_PIC = NO;
				GCC_NO_COMMON_BLOCKS = YES;
				GCC_OPTIMIZATION_LEVEL = 0;
				GCC_PREPROCESSOR_DEFINITIONS = (
					"DEBUG=1",
					"$(inherited)",
				);
				GCC_WARN_64_TO_32_BIT_CONVERSION = YES;
				GCC_WARN_ABOUT_RETURN_TYPE = YES_ERROR;
				GCC_WARN_UNDECLARED_SELECTOR = YES;
				GCC_WARN_UNINITIALIZED_AUTOS = YES_AGGRESSIVE;
				GCC_WARN_UNUSED_FUNCTION = YES;
				GCC_WARN_UNUSED_VARIABLE = YES;
				IPHONEOS_DEPLOYMENT_TARGET = 17.5;
				LOCALIZATION_PREFERS_STRING_CATALOGS = YES;
				MTL_ENABLE_DEBUG_INFO = INCLUDE_SOURCE;
				MTL_FAST_MATH = YES;
				ONLY_ACTIVE_ARCH = YES;
				SDKROOT = iphoneos;
				SWIFT_ACTIVE_COMPILATION_CONDITIONS = "DEBUG $(inherited)";
				SWIFT_OPTIMIZATION_LEVEL = "-Onone";
			};
			name = Debug;
		};
		6E9CB3362C7DDB41000DD766 /* Release */ = {
			isa = XCBuildConfiguration;
			buildSettings = {
				ALWAYS_SEARCH_USER_PATHS = NO;
				ASSETCATALOG_COMPILER_GENERATE_SWIFT_ASSET_SYMBOL_EXTENSIONS = YES;
				CLANG_ANALYZER_NONNULL = YES;
				CLANG_ANALYZER_NUMBER_OBJECT_CONVERSION = YES_AGGRESSIVE;
				CLANG_CXX_LANGUAGE_STANDARD = "gnu++20";
				CLANG_ENABLE_MODULES = YES;
				CLANG_ENABLE_OBJC_ARC = YES;
				CLANG_ENABLE_OBJC_WEAK = YES;
				CLANG_WARN_BLOCK_CAPTURE_AUTORELEASING = YES;
				CLANG_WARN_BOOL_CONVERSION = YES;
				CLANG_WARN_COMMA = YES;
				CLANG_WARN_CONSTANT_CONVERSION = YES;
				CLANG_WARN_DEPRECATED_OBJC_IMPLEMENTATIONS = YES;
				CLANG_WARN_DIRECT_OBJC_ISA_USAGE = YES_ERROR;
				CLANG_WARN_DOCUMENTATION_COMMENTS = YES;
				CLANG_WARN_EMPTY_BODY = YES;
				CLANG_WARN_ENUM_CONVERSION = YES;
				CLANG_WARN_INFINITE_RECURSION = YES;
				CLANG_WARN_INT_CONVERSION = YES;
				CLANG_WARN_NON_LITERAL_NULL_CONVERSION = YES;
				CLANG_WARN_OBJC_IMPLICIT_RETAIN_SELF = YES;
				CLANG_WARN_OBJC_LITERAL_CONVERSION = YES;
				CLANG_WARN_OBJC_ROOT_CLASS = YES_ERROR;
				CLANG_WARN_QUOTED_INCLUDE_IN_FRAMEWORK_HEADER = YES;
				CLANG_WARN_RANGE_LOOP_ANALYSIS = YES;
				CLANG_WARN_STRICT_PROTOTYPES = YES;
				CLANG_WARN_SUSPICIOUS_MOVE = YES;
				CLANG_WARN_UNGUARDED_AVAILABILITY = YES_AGGRESSIVE;
				CLANG_WARN_UNREACHABLE_CODE = YES;
				CLANG_WARN__DUPLICATE_METHOD_MATCH = YES;
				COPY_PHASE_STRIP = NO;
				DEBUG_INFORMATION_FORMAT = "dwarf-with-dsym";
				ENABLE_NS_ASSERTIONS = NO;
				ENABLE_STRICT_OBJC_MSGSEND = YES;
				ENABLE_USER_SCRIPT_SANDBOXING = YES;
				GCC_C_LANGUAGE_STANDARD = gnu17;
				GCC_NO_COMMON_BLOCKS = YES;
				GCC_WARN_64_TO_32_BIT_CONVERSION = YES;
				GCC_WARN_ABOUT_RETURN_TYPE = YES_ERROR;
				GCC_WARN_UNDECLARED_SELECTOR = YES;
				GCC_WARN_UNINITIALIZED_AUTOS = YES_AGGRESSIVE;
				GCC_WARN_UNUSED_FUNCTION = YES;
				GCC_WARN_UNUSED_VARIABLE = YES;
				IPHONEOS_DEPLOYMENT_TARGET = 17.5;
				LOCALIZATION_PREFERS_STRING_CATALOGS = YES;
				MTL_ENABLE_DEBUG_INFO = NO;
				MTL_FAST_MATH = YES;
				SDKROOT = iphoneos;
				SWIFT_COMPILATION_MODE = wholemodule;
				VALIDATE_PRODUCT = YES;
			};
			name = Release;
		};
		6E9CB3382C7DDB41000DD766 /* Debug */ = {
			isa = XCBuildConfiguration;
			buildSettings = {
				ASSETCATALOG_COMPILER_APPICON_NAME = AppIcon;
				ASSETCATALOG_COMPILER_GLOBAL_ACCENT_COLOR_NAME = AccentColor;
				CODE_SIGN_STYLE = Automatic;
				CURRENT_PROJECT_VERSION = 1;
				DEVELOPMENT_TEAM = 3VLQEKH826;
				GENERATE_INFOPLIST_FILE = YES;
				INFOPLIST_FILE = rickandmorty/Info.plist;
				INFOPLIST_KEY_UIApplicationSupportsIndirectInputEvents = YES;
				INFOPLIST_KEY_UILaunchStoryboardName = LaunchScreen;
				INFOPLIST_KEY_UIMainStoryboardFile = Main;
				INFOPLIST_KEY_UISupportedInterfaceOrientations_iPad = "UIInterfaceOrientationPortrait UIInterfaceOrientationPortraitUpsideDown UIInterfaceOrientationLandscapeLeft UIInterfaceOrientationLandscapeRight";
				INFOPLIST_KEY_UISupportedInterfaceOrientations_iPhone = "UIInterfaceOrientationPortrait UIInterfaceOrientationLandscapeLeft UIInterfaceOrientationLandscapeRight";
				LD_RUNPATH_SEARCH_PATHS = (
					"$(inherited)",
					"@executable_path/Frameworks",
				);
				MARKETING_VERSION = 1.0;
				PRODUCT_BUNDLE_IDENTIFIER = com.xx.rickandmorty;
				PRODUCT_NAME = "$(TARGET_NAME)";
				SWIFT_EMIT_LOC_STRINGS = YES;
				SWIFT_VERSION = 5.0;
				TARGETED_DEVICE_FAMILY = "1,2";
			};
			name = Debug;
		};
		6E9CB3392C7DDB41000DD766 /* Release */ = {
			isa = XCBuildConfiguration;
			buildSettings = {
				ASSETCATALOG_COMPILER_APPICON_NAME = AppIcon;
				ASSETCATALOG_COMPILER_GLOBAL_ACCENT_COLOR_NAME = AccentColor;
				CODE_SIGN_STYLE = Automatic;
				CURRENT_PROJECT_VERSION = 1;
				DEVELOPMENT_TEAM = 3VLQEKH826;
				GENERATE_INFOPLIST_FILE = YES;
				INFOPLIST_FILE = rickandmorty/Info.plist;
				INFOPLIST_KEY_UIApplicationSupportsIndirectInputEvents = YES;
				INFOPLIST_KEY_UILaunchStoryboardName = LaunchScreen;
				INFOPLIST_KEY_UIMainStoryboardFile = Main;
				INFOPLIST_KEY_UISupportedInterfaceOrientations_iPad = "UIInterfaceOrientationPortrait UIInterfaceOrientationPortraitUpsideDown UIInterfaceOrientationLandscapeLeft UIInterfaceOrientationLandscapeRight";
				INFOPLIST_KEY_UISupportedInterfaceOrientations_iPhone = "UIInterfaceOrientationPortrait UIInterfaceOrientationLandscapeLeft UIInterfaceOrientationLandscapeRight";
				LD_RUNPATH_SEARCH_PATHS = (
					"$(inherited)",
					"@executable_path/Frameworks",
				);
				MARKETING_VERSION = 1.0;
				PRODUCT_BUNDLE_IDENTIFIER = com.xx.rickandmorty;
				PRODUCT_NAME = "$(TARGET_NAME)";
				SWIFT_EMIT_LOC_STRINGS = YES;
				SWIFT_VERSION = 5.0;
				TARGETED_DEVICE_FAMILY = "1,2";
			};
			name = Release;
		};
		6E9CB33B2C7DDB41000DD766 /* Debug */ = {
			isa = XCBuildConfiguration;
			buildSettings = {
				ALWAYS_EMBED_SWIFT_STANDARD_LIBRARIES = YES;
				BUNDLE_LOADER = "$(TEST_HOST)";
				CODE_SIGN_STYLE = Automatic;
				CURRENT_PROJECT_VERSION = 1;
				DEVELOPMENT_TEAM = 3VLQEKH826;
				GENERATE_INFOPLIST_FILE = YES;
				IPHONEOS_DEPLOYMENT_TARGET = 17.5;
				MARKETING_VERSION = 1.0;
				PRODUCT_BUNDLE_IDENTIFIER = com.xx.rickandmortyTests;
				PRODUCT_NAME = "$(TARGET_NAME)";
				SWIFT_EMIT_LOC_STRINGS = NO;
				SWIFT_VERSION = 5.0;
				TARGETED_DEVICE_FAMILY = "1,2";
				TEST_HOST = "$(BUILT_PRODUCTS_DIR)/rickandmorty.app/$(BUNDLE_EXECUTABLE_FOLDER_PATH)/rickandmorty";
			};
			name = Debug;
		};
		6E9CB33C2C7DDB41000DD766 /* Release */ = {
			isa = XCBuildConfiguration;
			buildSettings = {
				ALWAYS_EMBED_SWIFT_STANDARD_LIBRARIES = YES;
				BUNDLE_LOADER = "$(TEST_HOST)";
				CODE_SIGN_STYLE = Automatic;
				CURRENT_PROJECT_VERSION = 1;
				DEVELOPMENT_TEAM = 3VLQEKH826;
				GENERATE_INFOPLIST_FILE = YES;
				IPHONEOS_DEPLOYMENT_TARGET = 17.5;
				MARKETING_VERSION = 1.0;
				PRODUCT_BUNDLE_IDENTIFIER = com.xx.rickandmortyTests;
				PRODUCT_NAME = "$(TARGET_NAME)";
				SWIFT_EMIT_LOC_STRINGS = NO;
				SWIFT_VERSION = 5.0;
				TARGETED_DEVICE_FAMILY = "1,2";
				TEST_HOST = "$(BUILT_PRODUCTS_DIR)/rickandmorty.app/$(BUNDLE_EXECUTABLE_FOLDER_PATH)/rickandmorty";
			};
			name = Release;
		};
		6E9CB33E2C7DDB41000DD766 /* Debug */ = {
			isa = XCBuildConfiguration;
			buildSettings = {
				ALWAYS_EMBED_SWIFT_STANDARD_LIBRARIES = YES;
				CODE_SIGN_STYLE = Automatic;
				CURRENT_PROJECT_VERSION = 1;
				DEVELOPMENT_TEAM = 3VLQEKH826;
				GENERATE_INFOPLIST_FILE = YES;
				MARKETING_VERSION = 1.0;
				PRODUCT_BUNDLE_IDENTIFIER = com.xx.rickandmortyUITests;
				PRODUCT_NAME = "$(TARGET_NAME)";
				SWIFT_EMIT_LOC_STRINGS = NO;
				SWIFT_VERSION = 5.0;
				TARGETED_DEVICE_FAMILY = "1,2";
				TEST_TARGET_NAME = rickandmorty;
			};
			name = Debug;
		};
		6E9CB33F2C7DDB41000DD766 /* Release */ = {
			isa = XCBuildConfiguration;
			buildSettings = {
				ALWAYS_EMBED_SWIFT_STANDARD_LIBRARIES = YES;
				CODE_SIGN_STYLE = Automatic;
				CURRENT_PROJECT_VERSION = 1;
				DEVELOPMENT_TEAM = 3VLQEKH826;
				GENERATE_INFOPLIST_FILE = YES;
				MARKETING_VERSION = 1.0;
				PRODUCT_BUNDLE_IDENTIFIER = com.xx.rickandmortyUITests;
				PRODUCT_NAME = "$(TARGET_NAME)";
				SWIFT_EMIT_LOC_STRINGS = NO;
				SWIFT_VERSION = 5.0;
				TARGETED_DEVICE_FAMILY = "1,2";
				TEST_TARGET_NAME = rickandmorty;
			};
			name = Release;
		};
/* End XCBuildConfiguration section */

/* Begin XCConfigurationList section */
		6E9CB3082C7DDB40000DD766 /* Build configuration list for PBXProject "rickandmorty" */ = {
			isa = XCConfigurationList;
			buildConfigurations = (
				6E9CB3352C7DDB41000DD766 /* Debug */,
				6E9CB3362C7DDB41000DD766 /* Release */,
			);
			defaultConfigurationIsVisible = 0;
			defaultConfigurationName = Release;
		};
		6E9CB3372C7DDB41000DD766 /* Build configuration list for PBXNativeTarget "rickandmorty" */ = {
			isa = XCConfigurationList;
			buildConfigurations = (
				6E9CB3382C7DDB41000DD766 /* Debug */,
				6E9CB3392C7DDB41000DD766 /* Release */,
			);
			defaultConfigurationIsVisible = 0;
			defaultConfigurationName = Release;
		};
		6E9CB33A2C7DDB41000DD766 /* Build configuration list for PBXNativeTarget "rickandmortyTests" */ = {
			isa = XCConfigurationList;
			buildConfigurations = (
				6E9CB33B2C7DDB41000DD766 /* Debug */,
				6E9CB33C2C7DDB41000DD766 /* Release */,
			);
			defaultConfigurationIsVisible = 0;
			defaultConfigurationName = Release;
		};
		6E9CB33D2C7DDB41000DD766 /* Build configuration list for PBXNativeTarget "rickandmortyUITests" */ = {
			isa = XCConfigurationList;
			buildConfigurations = (
				6E9CB33E2C7DDB41000DD766 /* Debug */,
				6E9CB33F2C7DDB41000DD766 /* Release */,
			);
			defaultConfigurationIsVisible = 0;
			defaultConfigurationName = Release;
		};
/* End XCConfigurationList section */
	};
	rootObject = 6E9CB3052C7DDB40000DD766 /* Project object */;
}
